// !$*UTF8*$!
{
	archiveVersion = 1;
	classes = {
	};
	objectVersion = 55;
	objects = {

/* Begin PBXBuildFile section */
		18D53D872817D81F008A432D /* GameDBApp.swift in Sources */ = {isa = PBXBuildFile; fileRef = 18D53D862817D81F008A432D /* GameDBApp.swift */; };
		18D53D892817D81F008A432D /* HomeView.swift in Sources */ = {isa = PBXBuildFile; fileRef = 18D53D882817D81F008A432D /* HomeView.swift */; };
		18D53D8B2817D823008A432D /* Assets.xcassets in Resources */ = {isa = PBXBuildFile; fileRef = 18D53D8A2817D823008A432D /* Assets.xcassets */; };
		18D53D8E2817D823008A432D /* Preview Assets.xcassets in Resources */ = {isa = PBXBuildFile; fileRef = 18D53D8D2817D823008A432D /* Preview Assets.xcassets */; };
		18D53D982817DC15008A432D /* Constants.swift in Sources */ = {isa = PBXBuildFile; fileRef = 18D53D972817DC15008A432D /* Constants.swift */; };
		18D53D9A2817DD20008A432D /* GameList.swift in Sources */ = {isa = PBXBuildFile; fileRef = 18D53D992817DD20008A432D /* GameList.swift */; };
		18D53D9C2817DD6B008A432D /* GameModel.swift in Sources */ = {isa = PBXBuildFile; fileRef = 18D53D9B2817DD6B008A432D /* GameModel.swift */; };
		93273D792A1DA16E00156840 /* FeedsModel.swift in Sources */ = {isa = PBXBuildFile; fileRef = 93273D782A1DA16E00156840 /* FeedsModel.swift */; };
		93273D7B2A1DA35300156840 /* NewsFeedViewModel.swift in Sources */ = {isa = PBXBuildFile; fileRef = 93273D7A2A1DA35300156840 /* NewsFeedViewModel.swift */; };
		932E2D672A1C70D9006DBB93 /* GameDetailView.swift in Sources */ = {isa = PBXBuildFile; fileRef = 932E2D662A1C70D9006DBB93 /* GameDetailView.swift */; };
		932E2D692A1C70F2006DBB93 /* GameThumbnail.swift in Sources */ = {isa = PBXBuildFile; fileRef = 932E2D682A1C70F2006DBB93 /* GameThumbnail.swift */; };
		932E2D6B2A1C7F34006DBB93 /* GenreModel.swift in Sources */ = {isa = PBXBuildFile; fileRef = 932E2D6A2A1C7F34006DBB93 /* GenreModel.swift */; };
		9337F0702A1E72B1002A63BA /* Kanna in Frameworks */ = {isa = PBXBuildFile; productRef = 9337F06F2A1E72B1002A63BA /* Kanna */; };
		9343667E2A2857E80073E513 /* SettingsView.swift in Sources */ = {isa = PBXBuildFile; fileRef = 9343667D2A2857E80073E513 /* SettingsView.swift */; };
		936CFBDC2A1EA411005F0092 /* RSSItem.swift in Sources */ = {isa = PBXBuildFile; fileRef = 936CFBDB2A1EA411005F0092 /* RSSItem.swift */; };
		936CFBDE2A1EA52E005F0092 /* NewsFeedItemView.swift in Sources */ = {isa = PBXBuildFile; fileRef = 936CFBDD2A1EA52E005F0092 /* NewsFeedItemView.swift */; };
		938250E02A28FE54003EC876 /* AppearanceView.swift in Sources */ = {isa = PBXBuildFile; fileRef = 938250DF2A28FE54003EC876 /* AppearanceView.swift */; };
		938250E22A28FE66003EC876 /* FeedView.swift in Sources */ = {isa = PBXBuildFile; fileRef = 938250E12A28FE66003EC876 /* FeedView.swift */; };
		938250E42A28FE76003EC876 /* CreditsView.swift in Sources */ = {isa = PBXBuildFile; fileRef = 938250E32A28FE76003EC876 /* CreditsView.swift */; };
		938250E62A28FE85003EC876 /* AboutView.swift in Sources */ = {isa = PBXBuildFile; fileRef = 938250E52A28FE85003EC876 /* AboutView.swift */; };
		938250E82A290076003EC876 /* SettingsDestinationView.swift in Sources */ = {isa = PBXBuildFile; fileRef = 938250E72A290076003EC876 /* SettingsDestinationView.swift */; };
		939DF54D2881D2E80037F99A /* ContentView.swift in Sources */ = {isa = PBXBuildFile; fileRef = 939DF54C2881D2E80037F99A /* ContentView.swift */; };
		939EC37B2A1D5DDB00658B09 /* GameDetailViewModel.swift in Sources */ = {isa = PBXBuildFile; fileRef = 939EC37A2A1D5DDB00658B09 /* GameDetailViewModel.swift */; };
		939EC3822A1D6B1C00658B09 /* NewsFeedView.swift in Sources */ = {isa = PBXBuildFile; fileRef = 939EC3812A1D6B1C00658B09 /* NewsFeedView.swift */; };
		939EC3852A1D6DA200658B09 /* FeedKit in Frameworks */ = {isa = PBXBuildFile; productRef = 939EC3842A1D6DA200658B09 /* FeedKit */; };
		93B9D950287DDACD0097FF2A /* IGDB-SWIFT-API in Frameworks */ = {isa = PBXBuildFile; productRef = 93B9D94F287DDACD0097FF2A /* IGDB-SWIFT-API */; };
		93BD78902A200CC2003CC6FE /* UIImage+Ext.swift in Sources */ = {isa = PBXBuildFile; fileRef = 93BD788F2A200CC2003CC6FE /* UIImage+Ext.swift */; };
		93E641E92A27A75500ED9FF9 /* DominantColorCache.swift in Sources */ = {isa = PBXBuildFile; fileRef = 93E641E82A27A75500ED9FF9 /* DominantColorCache.swift */; };
		93E641EB2A27AF5500ED9FF9 /* .gitignore in Resources */ = {isa = PBXBuildFile; fileRef = 93E641EA2A27AF5500ED9FF9 /* .gitignore */; };
		93E888072A21268F0039FDE8 /* KMeansCluster.swift in Sources */ = {isa = PBXBuildFile; fileRef = 93E888062A21268F0039FDE8 /* KMeansCluster.swift */; };
		93E888092A2126EB0039FDE8 /* UIColor+Ext.swift in Sources */ = {isa = PBXBuildFile; fileRef = 93E888082A2126EB0039FDE8 /* UIColor+Ext.swift */; };
		93E8880B2A21531A0039FDE8 /* ImageProcessing.swift in Sources */ = {isa = PBXBuildFile; fileRef = 93E8880A2A21531A0039FDE8 /* ImageProcessing.swift */; };
		93EE8A00283C1CCD00EDAE8E /* PlatformModel.swift in Sources */ = {isa = PBXBuildFile; fileRef = 93EE89FF283C1CCD00EDAE8E /* PlatformModel.swift */; };
		93EE8A02283C1F5E00EDAE8E /* APIManager.swift in Sources */ = {isa = PBXBuildFile; fileRef = 93EE8A01283C1F5E00EDAE8E /* APIManager.swift */; };
/* End PBXBuildFile section */

/* Begin PBXFileReference section */
		18D53D832817D81F008A432D /* GameDB.app */ = {isa = PBXFileReference; explicitFileType = wrapper.application; includeInIndex = 0; path = GameDB.app; sourceTree = BUILT_PRODUCTS_DIR; };
		18D53D862817D81F008A432D /* GameDBApp.swift */ = {isa = PBXFileReference; lastKnownFileType = sourcecode.swift; path = GameDBApp.swift; sourceTree = "<group>"; };
		18D53D882817D81F008A432D /* HomeView.swift */ = {isa = PBXFileReference; lastKnownFileType = sourcecode.swift; path = HomeView.swift; sourceTree = "<group>"; };
		18D53D8A2817D823008A432D /* Assets.xcassets */ = {isa = PBXFileReference; lastKnownFileType = folder.assetcatalog; path = Assets.xcassets; sourceTree = "<group>"; };
		18D53D8D2817D823008A432D /* Preview Assets.xcassets */ = {isa = PBXFileReference; lastKnownFileType = folder.assetcatalog; path = "Preview Assets.xcassets"; sourceTree = "<group>"; };
		18D53D972817DC15008A432D /* Constants.swift */ = {isa = PBXFileReference; lastKnownFileType = sourcecode.swift; path = Constants.swift; sourceTree = "<group>"; };
		18D53D992817DD20008A432D /* GameList.swift */ = {isa = PBXFileReference; lastKnownFileType = sourcecode.swift; path = GameList.swift; sourceTree = "<group>"; };
		18D53D9B2817DD6B008A432D /* GameModel.swift */ = {isa = PBXFileReference; lastKnownFileType = sourcecode.swift; path = GameModel.swift; sourceTree = "<group>"; };
		93273D782A1DA16E00156840 /* FeedsModel.swift */ = {isa = PBXFileReference; lastKnownFileType = sourcecode.swift; path = FeedsModel.swift; sourceTree = "<group>"; };
		93273D7A2A1DA35300156840 /* NewsFeedViewModel.swift */ = {isa = PBXFileReference; lastKnownFileType = sourcecode.swift; path = NewsFeedViewModel.swift; sourceTree = "<group>"; };
		932E2D662A1C70D9006DBB93 /* GameDetailView.swift */ = {isa = PBXFileReference; lastKnownFileType = sourcecode.swift; path = GameDetailView.swift; sourceTree = "<group>"; };
		932E2D682A1C70F2006DBB93 /* GameThumbnail.swift */ = {isa = PBXFileReference; lastKnownFileType = sourcecode.swift; path = GameThumbnail.swift; sourceTree = "<group>"; };
		932E2D6A2A1C7F34006DBB93 /* GenreModel.swift */ = {isa = PBXFileReference; lastKnownFileType = sourcecode.swift; path = GenreModel.swift; sourceTree = "<group>"; };
		9343667D2A2857E80073E513 /* SettingsView.swift */ = {isa = PBXFileReference; lastKnownFileType = sourcecode.swift; path = SettingsView.swift; sourceTree = "<group>"; };
		936CFBDB2A1EA411005F0092 /* RSSItem.swift */ = {isa = PBXFileReference; lastKnownFileType = sourcecode.swift; path = RSSItem.swift; sourceTree = "<group>"; };
		936CFBDD2A1EA52E005F0092 /* NewsFeedItemView.swift */ = {isa = PBXFileReference; lastKnownFileType = sourcecode.swift; path = NewsFeedItemView.swift; sourceTree = "<group>"; };
		938250DF2A28FE54003EC876 /* AppearanceView.swift */ = {isa = PBXFileReference; lastKnownFileType = sourcecode.swift; path = AppearanceView.swift; sourceTree = "<group>"; };
		938250E12A28FE66003EC876 /* FeedView.swift */ = {isa = PBXFileReference; lastKnownFileType = sourcecode.swift; path = FeedView.swift; sourceTree = "<group>"; };
		938250E32A28FE76003EC876 /* CreditsView.swift */ = {isa = PBXFileReference; lastKnownFileType = sourcecode.swift; path = CreditsView.swift; sourceTree = "<group>"; };
		938250E52A28FE85003EC876 /* AboutView.swift */ = {isa = PBXFileReference; lastKnownFileType = sourcecode.swift; path = AboutView.swift; sourceTree = "<group>"; };
		938250E72A290076003EC876 /* SettingsDestinationView.swift */ = {isa = PBXFileReference; lastKnownFileType = sourcecode.swift; path = SettingsDestinationView.swift; sourceTree = "<group>"; };
		939DF54C2881D2E80037F99A /* ContentView.swift */ = {isa = PBXFileReference; lastKnownFileType = sourcecode.swift; path = ContentView.swift; sourceTree = "<group>"; };
		939EC37A2A1D5DDB00658B09 /* GameDetailViewModel.swift */ = {isa = PBXFileReference; lastKnownFileType = sourcecode.swift; path = GameDetailViewModel.swift; sourceTree = "<group>"; };
		939EC3812A1D6B1C00658B09 /* NewsFeedView.swift */ = {isa = PBXFileReference; lastKnownFileType = sourcecode.swift; path = NewsFeedView.swift; sourceTree = "<group>"; };
		93BD788F2A200CC2003CC6FE /* UIImage+Ext.swift */ = {isa = PBXFileReference; lastKnownFileType = sourcecode.swift; path = "UIImage+Ext.swift"; sourceTree = "<group>"; };
		93E641E82A27A75500ED9FF9 /* DominantColorCache.swift */ = {isa = PBXFileReference; lastKnownFileType = sourcecode.swift; path = DominantColorCache.swift; sourceTree = "<group>"; };
		93E641EA2A27AF5500ED9FF9 /* .gitignore */ = {isa = PBXFileReference; lastKnownFileType = text; path = .gitignore; sourceTree = "<group>"; };
		93E888062A21268F0039FDE8 /* KMeansCluster.swift */ = {isa = PBXFileReference; lastKnownFileType = sourcecode.swift; path = KMeansCluster.swift; sourceTree = "<group>"; };
		93E888082A2126EB0039FDE8 /* UIColor+Ext.swift */ = {isa = PBXFileReference; lastKnownFileType = sourcecode.swift; path = "UIColor+Ext.swift"; sourceTree = "<group>"; };
		93E8880A2A21531A0039FDE8 /* ImageProcessing.swift */ = {isa = PBXFileReference; lastKnownFileType = sourcecode.swift; path = ImageProcessing.swift; sourceTree = "<group>"; };
		93EE89FF283C1CCD00EDAE8E /* PlatformModel.swift */ = {isa = PBXFileReference; lastKnownFileType = sourcecode.swift; path = PlatformModel.swift; sourceTree = "<group>"; };
		93EE8A01283C1F5E00EDAE8E /* APIManager.swift */ = {isa = PBXFileReference; lastKnownFileType = sourcecode.swift; path = APIManager.swift; sourceTree = "<group>"; };
/* End PBXFileReference section */

/* Begin PBXFrameworksBuildPhase section */
		18D53D802817D81F008A432D /* Frameworks */ = {
			isa = PBXFrameworksBuildPhase;
			buildActionMask = 2147483647;
			files = (
				939EC3852A1D6DA200658B09 /* FeedKit in Frameworks */,
				9337F0702A1E72B1002A63BA /* Kanna in Frameworks */,
				93B9D950287DDACD0097FF2A /* IGDB-SWIFT-API in Frameworks */,
			);
			runOnlyForDeploymentPostprocessing = 0;
		};
/* End PBXFrameworksBuildPhase section */

/* Begin PBXGroup section */
		18D53D7A2817D81F008A432D = {
			isa = PBXGroup;
			children = (
				93E641EA2A27AF5500ED9FF9 /* .gitignore */,
				18D53D852817D81F008A432D /* GameDB */,
				18D53D842817D81F008A432D /* Products */,
			);
			sourceTree = "<group>";
		};
		18D53D842817D81F008A432D /* Products */ = {
			isa = PBXGroup;
			children = (
				18D53D832817D81F008A432D /* GameDB.app */,
			);
			name = Products;
			sourceTree = "<group>";
		};
		18D53D852817D81F008A432D /* GameDB */ = {
			isa = PBXGroup;
			children = (
				93BD788E2A200CAC003CC6FE /* Extensions */,
				18D53D862817D81F008A432D /* GameDBApp.swift */,
				939DF54C2881D2E80037F99A /* ContentView.swift */,
				939EC3792A1D4AF000658B09 /* Views */,
				939EC37D2A1D6A3100658B09 /* ViewModel */,
				939EC37C2A1D6A2400658B09 /* Utilities */,
				93EE8A04283C1FF600EDAE8E /* Model */,
				93EE8A03283C1FE100EDAE8E /* Networking */,
				18D53D8A2817D823008A432D /* Assets.xcassets */,
				18D53D8C2817D823008A432D /* Preview Content */,
			);
			path = GameDB;
			sourceTree = "<group>";
		};
		18D53D8C2817D823008A432D /* Preview Content */ = {
			isa = PBXGroup;
			children = (
				18D53D8D2817D823008A432D /* Preview Assets.xcassets */,
			);
			path = "Preview Content";
			sourceTree = "<group>";
		};
		9343667C2A2857C50073E513 /* Settings */ = {
			isa = PBXGroup;
			children = (
				9343667D2A2857E80073E513 /* SettingsView.swift */,
				938250DF2A28FE54003EC876 /* AppearanceView.swift */,
				938250E12A28FE66003EC876 /* FeedView.swift */,
				938250E32A28FE76003EC876 /* CreditsView.swift */,
				938250E52A28FE85003EC876 /* AboutView.swift */,
				938250E72A290076003EC876 /* SettingsDestinationView.swift */,
			);
			path = Settings;
			sourceTree = "<group>";
		};
		938250E92A290140003EC876 /* Games */ = {
			isa = PBXGroup;
			children = (
				18D53D882817D81F008A432D /* HomeView.swift */,
				932E2D662A1C70D9006DBB93 /* GameDetailView.swift */,
				932E2D682A1C70F2006DBB93 /* GameThumbnail.swift */,
			);
			path = Games;
			sourceTree = "<group>";
		};
		939EC3792A1D4AF000658B09 /* Views */ = {
			isa = PBXGroup;
			children = (
				9343667C2A2857C50073E513 /* Settings */,
				938250E92A290140003EC876 /* Games */,
				939EC3802A1D6AA000658B09 /* News */,
			);
			path = Views;
			sourceTree = "<group>";
		};
		939EC37C2A1D6A2400658B09 /* Utilities */ = {
			isa = PBXGroup;
			children = (
				18D53D972817DC15008A432D /* Constants.swift */,
				93E888062A21268F0039FDE8 /* KMeansCluster.swift */,
				93E8880A2A21531A0039FDE8 /* ImageProcessing.swift */,
				93E641E82A27A75500ED9FF9 /* DominantColorCache.swift */,
			);
			path = Utilities;
			sourceTree = "<group>";
		};
		939EC37D2A1D6A3100658B09 /* ViewModel */ = {
			isa = PBXGroup;
			children = (
				18D53D992817DD20008A432D /* GameList.swift */,
				939EC37A2A1D5DDB00658B09 /* GameDetailViewModel.swift */,
				93273D7A2A1DA35300156840 /* NewsFeedViewModel.swift */,
			);
			path = ViewModel;
			sourceTree = "<group>";
		};
		939EC3802A1D6AA000658B09 /* News */ = {
			isa = PBXGroup;
			children = (
				939EC3812A1D6B1C00658B09 /* NewsFeedView.swift */,
				936CFBDD2A1EA52E005F0092 /* NewsFeedItemView.swift */,
			);
			path = News;
			sourceTree = "<group>";
		};
		93BD788E2A200CAC003CC6FE /* Extensions */ = {
			isa = PBXGroup;
			children = (
				93BD788F2A200CC2003CC6FE /* UIImage+Ext.swift */,
				93E888082A2126EB0039FDE8 /* UIColor+Ext.swift */,
			);
			path = Extensions;
			sourceTree = "<group>";
		};
		93EE8A03283C1FE100EDAE8E /* Networking */ = {
			isa = PBXGroup;
			children = (
				93EE8A01283C1F5E00EDAE8E /* APIManager.swift */,
			);
			path = Networking;
			sourceTree = "<group>";
		};
		93EE8A04283C1FF600EDAE8E /* Model */ = {
			isa = PBXGroup;
			children = (
				18D53D9B2817DD6B008A432D /* GameModel.swift */,
				93EE89FF283C1CCD00EDAE8E /* PlatformModel.swift */,
				932E2D6A2A1C7F34006DBB93 /* GenreModel.swift */,
				93273D782A1DA16E00156840 /* FeedsModel.swift */,
				936CFBDB2A1EA411005F0092 /* RSSItem.swift */,
			);
			path = Model;
			sourceTree = "<group>";
		};
/* End PBXGroup section */

/* Begin PBXNativeTarget section */
		18D53D822817D81F008A432D /* GameDB */ = {
			isa = PBXNativeTarget;
			buildConfigurationList = 18D53D912817D823008A432D /* Build configuration list for PBXNativeTarget "GameDB" */;
			buildPhases = (
				18D53D7F2817D81F008A432D /* Sources */,
				18D53D802817D81F008A432D /* Frameworks */,
				18D53D812817D81F008A432D /* Resources */,
			);
			buildRules = (
			);
			dependencies = (
			);
			name = GameDB;
			packageProductDependencies = (
				93B9D94F287DDACD0097FF2A /* IGDB-SWIFT-API */,
				939EC3842A1D6DA200658B09 /* FeedKit */,
				9337F06F2A1E72B1002A63BA /* Kanna */,
			);
			productName = GameDB;
			productReference = 18D53D832817D81F008A432D /* GameDB.app */;
			productType = "com.apple.product-type.application";
		};
/* End PBXNativeTarget section */

/* Begin PBXProject section */
		18D53D7B2817D81F008A432D /* Project object */ = {
			isa = PBXProject;
			attributes = {
				BuildIndependentTargetsInParallel = 1;
				LastSwiftUpdateCheck = 1330;
				LastUpgradeCheck = 1330;
				TargetAttributes = {
					18D53D822817D81F008A432D = {
						CreatedOnToolsVersion = 13.3;
					};
				};
			};
			buildConfigurationList = 18D53D7E2817D81F008A432D /* Build configuration list for PBXProject "GameDB" */;
			compatibilityVersion = "Xcode 13.0";
			developmentRegion = en;
			hasScannedForEncodings = 0;
			knownRegions = (
				en,
				Base,
			);
			mainGroup = 18D53D7A2817D81F008A432D;
			packageReferences = (
				18D53D942817DBF2008A432D /* XCRemoteSwiftPackageReference "IGDB-SWIFT-API" */,
				939EC3832A1D6DA200658B09 /* XCRemoteSwiftPackageReference "FeedKit" */,
				9337F06E2A1E72B1002A63BA /* XCRemoteSwiftPackageReference "Kanna" */,
			);
			productRefGroup = 18D53D842817D81F008A432D /* Products */;
			projectDirPath = "";
			projectRoot = "";
			targets = (
				18D53D822817D81F008A432D /* GameDB */,
			);
		};
/* End PBXProject section */

/* Begin PBXResourcesBuildPhase section */
		18D53D812817D81F008A432D /* Resources */ = {
			isa = PBXResourcesBuildPhase;
			buildActionMask = 2147483647;
			files = (
				18D53D8E2817D823008A432D /* Preview Assets.xcassets in Resources */,
				93E641EB2A27AF5500ED9FF9 /* .gitignore in Resources */,
				18D53D8B2817D823008A432D /* Assets.xcassets in Resources */,
			);
			runOnlyForDeploymentPostprocessing = 0;
		};
/* End PBXResourcesBuildPhase section */

/* Begin PBXSourcesBuildPhase section */
		18D53D7F2817D81F008A432D /* Sources */ = {
			isa = PBXSourcesBuildPhase;
			buildActionMask = 2147483647;
			files = (
				93E888092A2126EB0039FDE8 /* UIColor+Ext.swift in Sources */,
				18D53D9C2817DD6B008A432D /* GameModel.swift in Sources */,
				932E2D692A1C70F2006DBB93 /* GameThumbnail.swift in Sources */,
				93E641E92A27A75500ED9FF9 /* DominantColorCache.swift in Sources */,
				93273D792A1DA16E00156840 /* FeedsModel.swift in Sources */,
				93E888072A21268F0039FDE8 /* KMeansCluster.swift in Sources */,
				18D53D892817D81F008A432D /* HomeView.swift in Sources */,
				938250E62A28FE85003EC876 /* AboutView.swift in Sources */,
				932E2D672A1C70D9006DBB93 /* GameDetailView.swift in Sources */,
				9343667E2A2857E80073E513 /* SettingsView.swift in Sources */,
				938250E22A28FE66003EC876 /* FeedView.swift in Sources */,
				939DF54D2881D2E80037F99A /* ContentView.swift in Sources */,
				18D53D872817D81F008A432D /* GameDBApp.swift in Sources */,
				18D53D982817DC15008A432D /* Constants.swift in Sources */,
				93EE8A00283C1CCD00EDAE8E /* PlatformModel.swift in Sources */,
				936CFBDE2A1EA52E005F0092 /* NewsFeedItemView.swift in Sources */,
				939EC37B2A1D5DDB00658B09 /* GameDetailViewModel.swift in Sources */,
				932E2D6B2A1C7F34006DBB93 /* GenreModel.swift in Sources */,
				939EC3822A1D6B1C00658B09 /* NewsFeedView.swift in Sources */,
				938250E82A290076003EC876 /* SettingsDestinationView.swift in Sources */,
				18D53D9A2817DD20008A432D /* GameList.swift in Sources */,
				938250E02A28FE54003EC876 /* AppearanceView.swift in Sources */,
				936CFBDC2A1EA411005F0092 /* RSSItem.swift in Sources */,
				93E8880B2A21531A0039FDE8 /* ImageProcessing.swift in Sources */,
				93BD78902A200CC2003CC6FE /* UIImage+Ext.swift in Sources */,
				938250E42A28FE76003EC876 /* CreditsView.swift in Sources */,
				93EE8A02283C1F5E00EDAE8E /* APIManager.swift in Sources */,
				93273D7B2A1DA35300156840 /* NewsFeedViewModel.swift in Sources */,
			);
			runOnlyForDeploymentPostprocessing = 0;
		};
/* End PBXSourcesBuildPhase section */

/* Begin XCBuildConfiguration section */
		18D53D8F2817D823008A432D /* Debug */ = {
			isa = XCBuildConfiguration;
			buildSettings = {
				ALWAYS_SEARCH_USER_PATHS = NO;
				CLANG_ANALYZER_NONNULL = YES;
				CLANG_ANALYZER_NUMBER_OBJECT_CONVERSION = YES_AGGRESSIVE;
				CLANG_CXX_LANGUAGE_STANDARD = "gnu++17";
				CLANG_ENABLE_MODULES = YES;
				CLANG_ENABLE_OBJC_ARC = YES;
				CLANG_ENABLE_OBJC_WEAK = YES;
				CLANG_WARN_BLOCK_CAPTURE_AUTORELEASING = YES;
				CLANG_WARN_BOOL_CONVERSION = YES;
				CLANG_WARN_COMMA = YES;
				CLANG_WARN_CONSTANT_CONVERSION = YES;
				CLANG_WARN_DEPRECATED_OBJC_IMPLEMENTATIONS = YES;
				CLANG_WARN_DIRECT_OBJC_ISA_USAGE = YES_ERROR;
				CLANG_WARN_DOCUMENTATION_COMMENTS = YES;
				CLANG_WARN_EMPTY_BODY = YES;
				CLANG_WARN_ENUM_CONVERSION = YES;
				CLANG_WARN_INFINITE_RECURSION = YES;
				CLANG_WARN_INT_CONVERSION = YES;
				CLANG_WARN_NON_LITERAL_NULL_CONVERSION = YES;
				CLANG_WARN_OBJC_IMPLICIT_RETAIN_SELF = YES;
				CLANG_WARN_OBJC_LITERAL_CONVERSION = YES;
				CLANG_WARN_OBJC_ROOT_CLASS = YES_ERROR;
				CLANG_WARN_QUOTED_INCLUDE_IN_FRAMEWORK_HEADER = YES;
				CLANG_WARN_RANGE_LOOP_ANALYSIS = YES;
				CLANG_WARN_STRICT_PROTOTYPES = YES;
				CLANG_WARN_SUSPICIOUS_MOVE = YES;
				CLANG_WARN_UNGUARDED_AVAILABILITY = YES_AGGRESSIVE;
				CLANG_WARN_UNREACHABLE_CODE = YES;
				CLANG_WARN__DUPLICATE_METHOD_MATCH = YES;
				COPY_PHASE_STRIP = NO;
				DEBUG_INFORMATION_FORMAT = dwarf;
				ENABLE_STRICT_OBJC_MSGSEND = YES;
				ENABLE_TESTABILITY = YES;
				GCC_C_LANGUAGE_STANDARD = gnu11;
				GCC_DYNAMIC_NO_PIC = NO;
				GCC_NO_COMMON_BLOCKS = YES;
				GCC_OPTIMIZATION_LEVEL = 0;
				GCC_PREPROCESSOR_DEFINITIONS = (
					"DEBUG=1",
					"$(inherited)",
				);
				GCC_WARN_64_TO_32_BIT_CONVERSION = YES;
				GCC_WARN_ABOUT_RETURN_TYPE = YES_ERROR;
				GCC_WARN_UNDECLARED_SELECTOR = YES;
				GCC_WARN_UNINITIALIZED_AUTOS = YES_AGGRESSIVE;
				GCC_WARN_UNUSED_FUNCTION = YES;
				GCC_WARN_UNUSED_VARIABLE = YES;
				IPHONEOS_DEPLOYMENT_TARGET = 15.4;
				MTL_ENABLE_DEBUG_INFO = INCLUDE_SOURCE;
				MTL_FAST_MATH = YES;
				ONLY_ACTIVE_ARCH = YES;
				SDKROOT = iphoneos;
				SWIFT_ACTIVE_COMPILATION_CONDITIONS = DEBUG;
				SWIFT_OPTIMIZATION_LEVEL = "-Onone";
			};
			name = Debug;
		};
		18D53D902817D823008A432D /* Release */ = {
			isa = XCBuildConfiguration;
			buildSettings = {
				ALWAYS_SEARCH_USER_PATHS = NO;
				CLANG_ANALYZER_NONNULL = YES;
				CLANG_ANALYZER_NUMBER_OBJECT_CONVERSION = YES_AGGRESSIVE;
				CLANG_CXX_LANGUAGE_STANDARD = "gnu++17";
				CLANG_ENABLE_MODULES = YES;
				CLANG_ENABLE_OBJC_ARC = YES;
				CLANG_ENABLE_OBJC_WEAK = YES;
				CLANG_WARN_BLOCK_CAPTURE_AUTORELEASING = YES;
				CLANG_WARN_BOOL_CONVERSION = YES;
				CLANG_WARN_COMMA = YES;
				CLANG_WARN_CONSTANT_CONVERSION = YES;
				CLANG_WARN_DEPRECATED_OBJC_IMPLEMENTATIONS = YES;
				CLANG_WARN_DIRECT_OBJC_ISA_USAGE = YES_ERROR;
				CLANG_WARN_DOCUMENTATION_COMMENTS = YES;
				CLANG_WARN_EMPTY_BODY = YES;
				CLANG_WARN_ENUM_CONVERSION = YES;
				CLANG_WARN_INFINITE_RECURSION = YES;
				CLANG_WARN_INT_CONVERSION = YES;
				CLANG_WARN_NON_LITERAL_NULL_CONVERSION = YES;
				CLANG_WARN_OBJC_IMPLICIT_RETAIN_SELF = YES;
				CLANG_WARN_OBJC_LITERAL_CONVERSION = YES;
				CLANG_WARN_OBJC_ROOT_CLASS = YES_ERROR;
				CLANG_WARN_QUOTED_INCLUDE_IN_FRAMEWORK_HEADER = YES;
				CLANG_WARN_RANGE_LOOP_ANALYSIS = YES;
				CLANG_WARN_STRICT_PROTOTYPES = YES;
				CLANG_WARN_SUSPICIOUS_MOVE = YES;
				CLANG_WARN_UNGUARDED_AVAILABILITY = YES_AGGRESSIVE;
				CLANG_WARN_UNREACHABLE_CODE = YES;
				CLANG_WARN__DUPLICATE_METHOD_MATCH = YES;
				COPY_PHASE_STRIP = NO;
				DEBUG_INFORMATION_FORMAT = "dwarf-with-dsym";
				ENABLE_NS_ASSERTIONS = NO;
				ENABLE_STRICT_OBJC_MSGSEND = YES;
				GCC_C_LANGUAGE_STANDARD = gnu11;
				GCC_NO_COMMON_BLOCKS = YES;
				GCC_WARN_64_TO_32_BIT_CONVERSION = YES;
				GCC_WARN_ABOUT_RETURN_TYPE = YES_ERROR;
				GCC_WARN_UNDECLARED_SELECTOR = YES;
				GCC_WARN_UNINITIALIZED_AUTOS = YES_AGGRESSIVE;
				GCC_WARN_UNUSED_FUNCTION = YES;
				GCC_WARN_UNUSED_VARIABLE = YES;
				IPHONEOS_DEPLOYMENT_TARGET = 15.4;
				MTL_ENABLE_DEBUG_INFO = NO;
				MTL_FAST_MATH = YES;
				SDKROOT = iphoneos;
				SWIFT_COMPILATION_MODE = wholemodule;
				SWIFT_OPTIMIZATION_LEVEL = "-O";
				VALIDATE_PRODUCT = YES;
			};
			name = Release;
		};
		18D53D922817D823008A432D /* Debug */ = {
			isa = XCBuildConfiguration;
			buildSettings = {
				ASSETCATALOG_COMPILER_APPICON_NAME = AppIcon;
				ASSETCATALOG_COMPILER_GLOBAL_ACCENT_COLOR_NAME = AccentColor;
				CODE_SIGN_STYLE = Automatic;
				CURRENT_PROJECT_VERSION = 1;
				DEVELOPMENT_ASSET_PATHS = "\"GameDB/Preview Content\"";
				DEVELOPMENT_TEAM = UJX3LTM884;
				ENABLE_PREVIEWS = YES;
				GENERATE_INFOPLIST_FILE = YES;
				INFOPLIST_KEY_UIApplicationSceneManifest_Generation = YES;
				INFOPLIST_KEY_UIApplicationSupportsIndirectInputEvents = YES;
				INFOPLIST_KEY_UILaunchScreen_Generation = YES;
				INFOPLIST_KEY_UISupportedInterfaceOrientations_iPad = "UIInterfaceOrientationPortrait UIInterfaceOrientationPortraitUpsideDown UIInterfaceOrientationLandscapeLeft UIInterfaceOrientationLandscapeRight";
				INFOPLIST_KEY_UISupportedInterfaceOrientations_iPhone = "UIInterfaceOrientationPortrait UIInterfaceOrientationLandscapeLeft UIInterfaceOrientationLandscapeRight";
				LD_RUNPATH_SEARCH_PATHS = (
					"$(inherited)",
					"@executable_path/Frameworks",
				);
				MARKETING_VERSION = 1.0;
				OTHER_LDFLAGS = "";
				PRODUCT_BUNDLE_IDENTIFIER = dev.sparshva72.GameDB;
				PRODUCT_NAME = "$(TARGET_NAME)";
				SWIFT_EMIT_LOC_STRINGS = YES;
				SWIFT_VERSION = 5.0;
				TARGETED_DEVICE_FAMILY = "1,2";
			};
			name = Debug;
		};
		18D53D932817D823008A432D /* Release */ = {
			isa = XCBuildConfiguration;
			buildSettings = {
				ASSETCATALOG_COMPILER_APPICON_NAME = AppIcon;
				ASSETCATALOG_COMPILER_GLOBAL_ACCENT_COLOR_NAME = AccentColor;
				CODE_SIGN_STYLE = Automatic;
				CURRENT_PROJECT_VERSION = 1;
				DEVELOPMENT_ASSET_PATHS = "\"GameDB/Preview Content\"";
				DEVELOPMENT_TEAM = UJX3LTM884;
				ENABLE_PREVIEWS = YES;
				GENERATE_INFOPLIST_FILE = YES;
				INFOPLIST_KEY_UIApplicationSceneManifest_Generation = YES;
				INFOPLIST_KEY_UIApplicationSupportsIndirectInputEvents = YES;
				INFOPLIST_KEY_UILaunchScreen_Generation = YES;
				INFOPLIST_KEY_UISupportedInterfaceOrientations_iPad = "UIInterfaceOrientationPortrait UIInterfaceOrientationPortraitUpsideDown UIInterfaceOrientationLandscapeLeft UIInterfaceOrientationLandscapeRight";
				INFOPLIST_KEY_UISupportedInterfaceOrientations_iPhone = "UIInterfaceOrientationPortrait UIInterfaceOrientationLandscapeLeft UIInterfaceOrientationLandscapeRight";
				LD_RUNPATH_SEARCH_PATHS = (
					"$(inherited)",
					"@executable_path/Frameworks",
				);
				MARKETING_VERSION = 1.0;
				PRODUCT_BUNDLE_IDENTIFIER = dev.sparshva72.GameDB;
				PRODUCT_NAME = "$(TARGET_NAME)";
				SWIFT_EMIT_LOC_STRINGS = YES;
				SWIFT_VERSION = 5.0;
				TARGETED_DEVICE_FAMILY = "1,2";
			};
			name = Release;
		};
/* End XCBuildConfiguration section */

/* Begin XCConfigurationList section */
		18D53D7E2817D81F008A432D /* Build configuration list for PBXProject "GameDB" */ = {
			isa = XCConfigurationList;
			buildConfigurations = (
				18D53D8F2817D823008A432D /* Debug */,
				18D53D902817D823008A432D /* Release */,
			);
			defaultConfigurationIsVisible = 0;
			defaultConfigurationName = Release;
		};
		18D53D912817D823008A432D /* Build configuration list for PBXNativeTarget "GameDB" */ = {
			isa = XCConfigurationList;
			buildConfigurations = (
				18D53D922817D823008A432D /* Debug */,
				18D53D932817D823008A432D /* Release */,
			);
			defaultConfigurationIsVisible = 0;
			defaultConfigurationName = Release;
		};
/* End XCConfigurationList section */

/* Begin XCRemoteSwiftPackageReference section */
		18D53D942817DBF2008A432D /* XCRemoteSwiftPackageReference "IGDB-SWIFT-API" */ = {
			isa = XCRemoteSwiftPackageReference;
			repositoryURL = "https://github.com/husnjak/IGDB-SWIFT-API.git";
			requirement = {
				kind = upToNextMajorVersion;
				minimumVersion = 0.3.6;
			};
		};
		9337F06E2A1E72B1002A63BA /* XCRemoteSwiftPackageReference "Kanna" */ = {
			isa = XCRemoteSwiftPackageReference;
			repositoryURL = "https://github.com/tid-kijyun/Kanna.git";
			requirement = {
				kind = upToNextMajorVersion;
				minimumVersion = 5.0.0;
			};
		};
		939EC3832A1D6DA200658B09 /* XCRemoteSwiftPackageReference "FeedKit" */ = {
			isa = XCRemoteSwiftPackageReference;
			repositoryURL = "https://github.com/nmdias/FeedKit.git";
			requirement = {
				kind = upToNextMajorVersion;
				minimumVersion = 9.0.0;
			};
		};
/* End XCRemoteSwiftPackageReference section */

/* Begin XCSwiftPackageProductDependency section */
		9337F06F2A1E72B1002A63BA /* Kanna */ = {
			isa = XCSwiftPackageProductDependency;
			package = 9337F06E2A1E72B1002A63BA /* XCRemoteSwiftPackageReference "Kanna" */;
			productName = Kanna;
		};
		939EC3842A1D6DA200658B09 /* FeedKit */ = {
			isa = XCSwiftPackageProductDependency;
			package = 939EC3832A1D6DA200658B09 /* XCRemoteSwiftPackageReference "FeedKit" */;
			productName = FeedKit;
		};
		93B9D94F287DDACD0097FF2A /* IGDB-SWIFT-API */ = {
			isa = XCSwiftPackageProductDependency;
			package = 18D53D942817DBF2008A432D /* XCRemoteSwiftPackageReference "IGDB-SWIFT-API" */;
			productName = "IGDB-SWIFT-API";
		};
/* End XCSwiftPackageProductDependency section */
	};
	rootObject = 18D53D7B2817D81F008A432D /* Project object */;
}
