{
  "originHash" : "97df0dc4e7eb7e6ef7890c44c5c772865c007525cb82ab1da3ca32b68496ddd6",
  "pins" : [
    {
      "identity" : "alerttoast",
      "kind" : "remoteSourceControl",
      "location" : "https://github.com/elai950/AlertToast.git",
      "state" : {
        "revision" : "b39252eacd159904afd7d718bba0afabb87f2f2f",
        "version" : "1.3.9"
      }
    },
    {
      "identity" : "igdb-swift-api",
      "kind" : "remoteSourceControl",
      "location" : "https://github.com/husnjak/IGDB-SWIFT-API.git",
      "state" : {
        "revision" : "10e284bd927405dbcf9cb14484b151db70b075b5",
        "version" : "0.4.5"
      }
    },
    {
      "identity" : "just",
      "kind" : "remoteSourceControl",
      "location" : "https://github.com/dduan/Just.git",
      "state" : {
        "revision" : "1824bf84cf52d11d69ae20cfb89f0ce5bffa5650",
        "version" : "0.8.0"
      }
    },
    {
      "identity" : "kingfisher",
      "kind" : "remoteSourceControl",
      "location" : "https://github.com/onevcat/Kingfisher.git",
      "state" : {
        "revision" : "2ef543ee21d63734e1c004ad6c870255e8716c50",
        "version" : "7.12.0"
      }
    },
    {
      "identity" : "swift-protobuf",
      "kind" : "remoteSourceControl",
      "location" : "https://github.com/apple/swift-protobuf.git",
      "state" : {
        "revision" : "edb6ed4919f7756157fe02f2552b7e3850a538e5",
        "version" : "1.28.1"
      }
    }
  ],
  "version" : 3
}
