{
  "pins" : [
    {
      "identity" : "feedkit",
      "kind" : "remoteSourceControl",
      "location" : "https://github.com/nmdias/FeedKit.git",
      "state" : {
        "revision" : "68493a33d862c33c9a9f67ec729b3b7df1b20ade",
        "version" : "9.1.2"
      }
    },
    {
      "identity" : "igdb-swift-api",
      "kind" : "remoteSourceControl",
      "location" : "https://github.com/husnjak/IGDB-SWIFT-API.git",
      "state" : {
        "revision" : "1b2c8cb44b4f978f18edeb8dcd613adbe8acc3d1",
        "version" : "0.4.2"
      }
    },
    {
      "identity" : "just",
      "kind" : "remoteSourceControl",
      "location" : "https://github.com/dduan/Just.git",
      "state" : {
        "revision" : "1824bf84cf52d11d69ae20cfb89f0ce5bffa5650",
        "version" : "0.8.0"
      }
    },
    {
      "identity" : "kanna",
      "kind" : "remoteSourceControl",
      "location" : "https://github.com/tid-kijyun/Kanna.git",
      "state" : {
        "revision" : "f9e4922223dd0d3dfbf02ca70812cf5531fc0593",
        "version" : "5.2.7"
      }
    },
    {
      "identity" : "swift-protobuf",
      "kind" : "remoteSourceControl",
      "location" : "https://github.com/apple/swift-protobuf.git",
      "state" : {
        "revision" : "f25867a208f459d3c5a06935dceb9083b11cd539",
        "version" : "1.22.0"
      }
    },
    {
      "identity" : "swiftsoup",
      "kind" : "remoteSourceControl",
      "location" : "https://github.com/scinfu/SwiftSoup.git",
      "state" : {
        "revision" : "8b6cf29eead8841a1fa7822481cb3af4ddaadba6",
        "version" : "2.6.1"
      }
    }
  ],
  "version" : 2
}
